// !$*UTF8*$!
{
	archiveVersion = 1;
	classes = {
	};
	objectVersion = 77;
	objects = {

/* Begin PBXBuildFile section */
		F731FD622DEF4A6B00893DF4 /* WidgetKit.framework in Frameworks */ = {isa = PBXBuildFile; fileRef = F731FD612DEF4A6B00893DF4 /* WidgetKit.framework */; };
		F731FD642DEF4A6B00893DF4 /* SwiftUI.framework in Frameworks */ = {isa = PBXBuildFile; fileRef = F731FD632DEF4A6B00893DF4 /* SwiftUI.framework */; };
		F731FD762DEF4A6D00893DF4 /* localpeersyncwidgetExtension.appex in Embed Foundation Extensions */ = {isa = PBXBuildFile; fileRef = F731FD602DEF4A6B00893DF4 /* localpeersyncwidgetExtension.appex */; settings = {ATTRIBUTES = (RemoveHeadersOnCopy, ); }; };
/* End PBXBuildFile section */

/* Begin PBXContainerItemProxy section */
		F731FD732DEF4A6D00893DF4 /* PBXContainerItemProxy */ = {
			isa = PBXContainerItemProxy;
			containerPortal = F75E27CD2DE9542F005350EC /* Project object */;
			proxyType = 1;
			remoteGlobalIDString = F731FD5F2DEF4A6B00893DF4;
			remoteInfo = localpeersyncwidgetExtension;
		};
		F75E27E32DE95432005350EC /* PBXContainerItemProxy */ = {
			isa = PBXContainerItemProxy;
			containerPortal = F75E27CD2DE9542F005350EC /* Project object */;
			proxyType = 1;
			remoteGlobalIDString = F75E27D42DE9542F005350EC;
			remoteInfo = localpeersync;
		};
		F75E27ED2DE95432005350EC /* PBXContainerItemProxy */ = {
			isa = PBXContainerItemProxy;
			containerPortal = F75E27CD2DE9542F005350EC /* Project object */;
			proxyType = 1;
			remoteGlobalIDString = F75E27D42DE9542F005350EC;
			remoteInfo = localpeersync;
		};
/* End PBXContainerItemProxy section */

/* Begin PBXCopyFilesBuildPhase section */
		F731FD752DEF4A6D00893DF4 /* Embed Foundation Extensions */ = {
			isa = PBXCopyFilesBuildPhase;
			buildActionMask = 2147483647;
			dstPath = "";
			dstSubfolderSpec = 13;
			files = (
				F731FD762DEF4A6D00893DF4 /* localpeersyncwidgetExtension.appex in Embed Foundation Extensions */,
			);
			name = "Embed Foundation Extensions";
			runOnlyForDeploymentPostprocessing = 0;
		};
/* End PBXCopyFilesBuildPhase section */

/* Begin PBXFileReference section */
		F731FD602DEF4A6B00893DF4 /* localpeersyncwidgetExtension.appex */ = {isa = PBXFileReference; explicitFileType = "wrapper.app-extension"; includeInIndex = 0; path = localpeersyncwidgetExtension.appex; sourceTree = BUILT_PRODUCTS_DIR; };
		F731FD612DEF4A6B00893DF4 /* WidgetKit.framework */ = {isa = PBXFileReference; lastKnownFileType = wrapper.framework; name = WidgetKit.framework; path = System/Library/Frameworks/WidgetKit.framework; sourceTree = SDKROOT; };
		F731FD632DEF4A6B00893DF4 /* SwiftUI.framework */ = {isa = PBXFileReference; lastKnownFileType = wrapper.framework; name = SwiftUI.framework; path = System/Library/Frameworks/SwiftUI.framework; sourceTree = SDKROOT; };
		F731FD852DEF4C2500893DF4 /* localpeersyncwidgetExtension.entitlements */ = {isa = PBXFileReference; lastKnownFileType = text.plist.entitlements; path = localpeersyncwidgetExtension.entitlements; sourceTree = "<group>"; };
		F75E27D52DE9542F005350EC /* localpeersync.app */ = {isa = PBXFileReference; explicitFileType = wrapper.application; includeInIndex = 0; path = localpeersync.app; sourceTree = BUILT_PRODUCTS_DIR; };
		F75E27E22DE95432005350EC /* localpeersyncTests.xctest */ = {isa = PBXFileReference; explicitFileType = wrapper.cfbundle; includeInIndex = 0; path = localpeersyncTests.xctest; sourceTree = BUILT_PRODUCTS_DIR; };
		F75E27EC2DE95432005350EC /* localpeersyncUITests.xctest */ = {isa = PBXFileReference; explicitFileType = wrapper.cfbundle; includeInIndex = 0; path = localpeersyncUITests.xctest; sourceTree = BUILT_PRODUCTS_DIR; };
/* End PBXFileReference section */

/* Begin PBXFileSystemSynchronizedBuildFileExceptionSet section */
		F731FC2E2DE95AC500893DF4 /* Exceptions for "localpeersync" folder in "localpeersync" target */ = {
			isa = PBXFileSystemSynchronizedBuildFileExceptionSet;
			membershipExceptions = (
				Info.plist,
			);
			target = F75E27D42DE9542F005350EC /* localpeersync */;
		};
		F731FD7A2DEF4A6D00893DF4 /* Exceptions for "localpeersyncwidget" folder in "localpeersyncwidgetExtension" target */ = {
			isa = PBXFileSystemSynchronizedBuildFileExceptionSet;
			membershipExceptions = (
				Info.plist,
			);
			target = F731FD5F2DEF4A6B00893DF4 /* localpeersyncwidgetExtension */;
		};
		F731FD8E2DEF704600893DF4 /* Exceptions for "localpeersync" folder in "localpeersyncwidgetExtension" target */ = {
			isa = PBXFileSystemSynchronizedBuildFileExceptionSet;
			membershipExceptions = (
				Services/SimpleWidgetData.swift,
			);
			target = F731FD5F2DEF4A6B00893DF4 /* localpeersyncwidgetExtension */;
		};
/* End PBXFileSystemSynchronizedBuildFileExceptionSet section */

/* Begin PBXFileSystemSynchronizedRootGroup section */
		F731FD652DEF4A6B00893DF4 /* localpeersyncwidget */ = {
			isa = PBXFileSystemSynchronizedRootGroup;
			exceptions = (
				F731FD7A2DEF4A6D00893DF4 /* Exceptions for "localpeersyncwidget" folder in "localpeersyncwidgetExtension" target */,
			);
			path = localpeersyncwidget;
			sourceTree = "<group>";
		};
		F75E27D72DE9542F005350EC /* localpeersync */ = {
			isa = PBXFileSystemSynchronizedRootGroup;
			exceptions = (
				F731FC2E2DE95AC500893DF4 /* Exceptions for "localpeersync" folder in "localpeersync" target */,
				F731FD8E2DEF704600893DF4 /* Exceptions for "localpeersync" folder in "localpeersyncwidgetExtension" target */,
			);
			path = localpeersync;
			sourceTree = "<group>";
		};
/* End PBXFileSystemSynchronizedRootGroup section */

/* Begin PBXFrameworksBuildPhase section */
		F731FD5D2DEF4A6B00893DF4 /* Frameworks */ = {
			isa = PBXFrameworksBuildPhase;
			buildActionMask = 2147483647;
			files = (
				F731FD642DEF4A6B00893DF4 /* SwiftUI.framework in Frameworks */,
				F731FD622DEF4A6B00893DF4 /* WidgetKit.framework in Frameworks */,
			);
			runOnlyForDeploymentPostprocessing = 0;
		};
		F75E27D22DE9542F005350EC /* Frameworks */ = {
			isa = PBXFrameworksBuildPhase;
			buildActionMask = 2147483647;
			files = (
			);
			runOnlyForDeploymentPostprocessing = 0;
		};
		F75E27DF2DE95432005350EC /* Frameworks */ = {
			isa = PBXFrameworksBuildPhase;
			buildActionMask = 2147483647;
			files = (
			);
			runOnlyForDeploymentPostprocessing = 0;
		};
		F75E27E92DE95432005350EC /* Frameworks */ = {
			isa = PBXFrameworksBuildPhase;
			buildActionMask = 2147483647;
			files = (
			);
			runOnlyForDeploymentPostprocessing = 0;
		};
/* End PBXFrameworksBuildPhase section */

/* Begin PBXGroup section */
		F731FCE42DEA634B00893DF4 /* Frameworks */ = {
			isa = PBXGroup;
			children = (
				F731FD612DEF4A6B00893DF4 /* WidgetKit.framework */,
				F731FD632DEF4A6B00893DF4 /* SwiftUI.framework */,
			);
			name = Frameworks;
			sourceTree = "<group>";
		};
		F75E27CC2DE9542F005350EC = {
			isa = PBXGroup;
			children = (
				F731FD852DEF4C2500893DF4 /* localpeersyncwidgetExtension.entitlements */,
				F75E27D72DE9542F005350EC /* localpeersync */,
				F731FD652DEF4A6B00893DF4 /* localpeersyncwidget */,
				F731FCE42DEA634B00893DF4 /* Frameworks */,
				F75E27D62DE9542F005350EC /* Products */,
			);
			sourceTree = "<group>";
		};
		F75E27D62DE9542F005350EC /* Products */ = {
			isa = PBXGroup;
			children = (
				F75E27D52DE9542F005350EC /* localpeersync.app */,
				F75E27E22DE95432005350EC /* localpeersyncTests.xctest */,
				F75E27EC2DE95432005350EC /* localpeersyncUITests.xctest */,
				F731FD602DEF4A6B00893DF4 /* localpeersyncwidgetExtension.appex */,
			);
			name = Products;
			sourceTree = "<group>";
		};
/* End PBXGroup section */

/* Begin PBXNativeTarget section */
		F731FD5F2DEF4A6B00893DF4 /* localpeersyncwidgetExtension */ = {
			isa = PBXNativeTarget;
			buildConfigurationList = F731FD792DEF4A6D00893DF4 /* Build configuration list for PBXNativeTarget "localpeersyncwidgetExtension" */;
			buildPhases = (
				F731FD5C2DEF4A6B00893DF4 /* Sources */,
				F731FD5D2DEF4A6B00893DF4 /* Frameworks */,
				F731FD5E2DEF4A6B00893DF4 /* Resources */,
			);
			buildRules = (
			);
			dependencies = (
			);
			fileSystemSynchronizedGroups = (
				F731FD652DEF4A6B00893DF4 /* localpeersyncwidget */,
			);
			name = localpeersyncwidgetExtension;
			packageProductDependencies = (
			);
			productName = localpeersyncwidgetExtension;
			productReference = F731FD602DEF4A6B00893DF4 /* localpeersyncwidgetExtension.appex */;
			productType = "com.apple.product-type.app-extension";
		};
		F75E27D42DE9542F005350EC /* localpeersync */ = {
			isa = PBXNativeTarget;
			buildConfigurationList = F75E27F62DE95432005350EC /* Build configuration list for PBXNativeTarget "localpeersync" */;
			buildPhases = (
				F75E27D12DE9542F005350EC /* Sources */,
				F75E27D22DE9542F005350EC /* Frameworks */,
				F75E27D32DE9542F005350EC /* Resources */,
				F731FD752DEF4A6D00893DF4 /* Embed Foundation Extensions */,
			);
			buildRules = (
			);
			dependencies = (
				F731FD742DEF4A6D00893DF4 /* PBXTargetDependency */,
			);
			fileSystemSynchronizedGroups = (
				F75E27D72DE9542F005350EC /* localpeersync */,
			);
			name = localpeersync;
			packageProductDependencies = (
			);
			productName = localpeersync;
			productReference = F75E27D52DE9542F005350EC /* localpeersync.app */;
			productType = "com.apple.product-type.application";
		};
		F75E27E12DE95432005350EC /* localpeersyncTests */ = {
			isa = PBXNativeTarget;
			buildConfigurationList = F75E27F92DE95432005350EC /* Build configuration list for PBXNativeTarget "localpeersyncTests" */;
			buildPhases = (
				F75E27DE2DE95432005350EC /* Sources */,
				F75E27DF2DE95432005350EC /* Frameworks */,
				F75E27E02DE95432005350EC /* Resources */,
			);
			buildRules = (
			);
			dependencies = (
				F75E27E42DE95432005350EC /* PBXTargetDependency */,
			);
			name = localpeersyncTests;
			packageProductDependencies = (
			);
			productName = localpeersyncTests;
			productReference = F75E27E22DE95432005350EC /* localpeersyncTests.xctest */;
			productType = "com.apple.product-type.bundle.unit-test";
		};
		F75E27EB2DE95432005350EC /* localpeersyncUITests */ = {
			isa = PBXNativeTarget;
			buildConfigurationList = F75E27FC2DE95432005350EC /* Build configuration list for PBXNativeTarget "localpeersyncUITests" */;
			buildPhases = (
				F75E27E82DE95432005350EC /* Sources */,
				F75E27E92DE95432005350EC /* Frameworks */,
				F75E27EA2DE95432005350EC /* Resources */,
			);
			buildRules = (
			);
			dependencies = (
				F75E27EE2DE95432005350EC /* PBXTargetDependency */,
			);
			name = localpeersyncUITests;
			packageProductDependencies = (
			);
			productName = localpeersyncUITests;
			productReference = F75E27EC2DE95432005350EC /* localpeersyncUITests.xctest */;
			productType = "com.apple.product-type.bundle.ui-testing";
		};
/* End PBXNativeTarget section */

/* Begin PBXProject section */
		F75E27CD2DE9542F005350EC /* Project object */ = {
			isa = PBXProject;
			attributes = {
				BuildIndependentTargetsInParallel = 1;
				LastSwiftUpdateCheck = 1640;
				LastUpgradeCheck = 1640;
				TargetAttributes = {
					F731FD5F2DEF4A6B00893DF4 = {
						CreatedOnToolsVersion = 16.4;
					};
					F75E27D42DE9542F005350EC = {
						CreatedOnToolsVersion = 16.4;
					};
					F75E27E12DE95432005350EC = {
						CreatedOnToolsVersion = 16.4;
						TestTargetID = F75E27D42DE9542F005350EC;
					};
					F75E27EB2DE95432005350EC = {
						CreatedOnToolsVersion = 16.4;
						TestTargetID = F75E27D42DE9542F005350EC;
					};
				};
			};
			buildConfigurationList = F75E27D02DE9542F005350EC /* Build configuration list for PBXProject "localpeersync" */;
			developmentRegion = en;
			hasScannedForEncodings = 0;
			knownRegions = (
				en,
				Base,
			);
			mainGroup = F75E27CC2DE9542F005350EC;
			minimizedProjectReferenceProxies = 1;
			preferredProjectObjectVersion = 77;
			productRefGroup = F75E27D62DE9542F005350EC /* Products */;
			projectDirPath = "";
			projectRoot = "";
			targets = (
				F75E27D42DE9542F005350EC /* localpeersync */,
				F75E27E12DE95432005350EC /* localpeersyncTests */,
				F75E27EB2DE95432005350EC /* localpeersyncUITests */,
				F731FD5F2DEF4A6B00893DF4 /* localpeersyncwidgetExtension */,
			);
		};
/* End PBXProject section */

/* Begin PBXResourcesBuildPhase section */
		F731FD5E2DEF4A6B00893DF4 /* Resources */ = {
			isa = PBXResourcesBuildPhase;
			buildActionMask = 2147483647;
			files = (
			);
			runOnlyForDeploymentPostprocessing = 0;
		};
		F75E27D32DE9542F005350EC /* Resources */ = {
			isa = PBXResourcesBuildPhase;
			buildActionMask = 2147483647;
			files = (
			);
			runOnlyForDeploymentPostprocessing = 0;
		};
		F75E27E02DE95432005350EC /* Resources */ = {
			isa = PBXResourcesBuildPhase;
			buildActionMask = 2147483647;
			files = (
			);
			runOnlyForDeploymentPostprocessing = 0;
		};
		F75E27EA2DE95432005350EC /* Resources */ = {
			isa = PBXResourcesBuildPhase;
			buildActionMask = 2147483647;
			files = (
			);
			runOnlyForDeploymentPostprocessing = 0;
		};
/* End PBXResourcesBuildPhase section */

/* Begin PBXSourcesBuildPhase section */
		F731FD5C2DEF4A6B00893DF4 /* Sources */ = {
			isa = PBXSourcesBuildPhase;
			buildActionMask = 2147483647;
			files = (
			);
			runOnlyForDeploymentPostprocessing = 0;
		};
		F75E27D12DE9542F005350EC /* Sources */ = {
			isa = PBXSourcesBuildPhase;
			buildActionMask = 2147483647;
			files = (
			);
			runOnlyForDeploymentPostprocessing = 0;
		};
		F75E27DE2DE95432005350EC /* Sources */ = {
			isa = PBXSourcesBuildPhase;
			buildActionMask = 2147483647;
			files = (
			);
			runOnlyForDeploymentPostprocessing = 0;
		};
		F75E27E82DE95432005350EC /* Sources */ = {
			isa = PBXSourcesBuildPhase;
			buildActionMask = 2147483647;
			files = (
			);
			runOnlyForDeploymentPostprocessing = 0;
		};
/* End PBXSourcesBuildPhase section */

/* Begin PBXTargetDependency section */
		F731FD742DEF4A6D00893DF4 /* PBXTargetDependency */ = {
			isa = PBXTargetDependency;
			target = F731FD5F2DEF4A6B00893DF4 /* localpeersyncwidgetExtension */;
			targetProxy = F731FD732DEF4A6D00893DF4 /* PBXContainerItemProxy */;
		};
		F75E27E42DE95432005350EC /* PBXTargetDependency */ = {
			isa = PBXTargetDependency;
			target = F75E27D42DE9542F005350EC /* localpeersync */;
			targetProxy = F75E27E32DE95432005350EC /* PBXContainerItemProxy */;
		};
		F75E27EE2DE95432005350EC /* PBXTargetDependency */ = {
			isa = PBXTargetDependency;
			target = F75E27D42DE9542F005350EC /* localpeersync */;
			targetProxy = F75E27ED2DE95432005350EC /* PBXContainerItemProxy */;
		};
/* End PBXTargetDependency section */

/* Begin XCBuildConfiguration section */
		F731FD772DEF4A6D00893DF4 /* Debug */ = {
			isa = XCBuildConfiguration;
			buildSettings = {
				ASSETCATALOG_COMPILER_GLOBAL_ACCENT_COLOR_NAME = AccentColor;
				ASSETCATALOG_COMPILER_WIDGET_BACKGROUND_COLOR_NAME = WidgetBackground;
				CODE_SIGN_ENTITLEMENTS = localpeersyncwidgetExtension.entitlements;
				CODE_SIGN_IDENTITY = "Apple Development";
				CODE_SIGN_STYLE = Automatic;
				CURRENT_PROJECT_VERSION = 1;
				DEVELOPMENT_TEAM = G937MKQMYG;
				GENERATE_INFOPLIST_FILE = YES;
				INFOPLIST_FILE = localpeersyncwidget/Info.plist;
				INFOPLIST_KEY_CFBundleDisplayName = localpeersyncwidget;
				INFOPLIST_KEY_NSHumanReadableCopyright = "";
				LD_RUNPATH_SEARCH_PATHS = (
					"$(inherited)",
					"@executable_path/Frameworks",
					"@executable_path/../../Frameworks",
				);
				MARKETING_VERSION = 1.0;
				PRODUCT_BUNDLE_IDENTIFIER = com.nischal.ios.localpeersync.localpeersyncwidget;
				PRODUCT_NAME = "$(TARGET_NAME)";
				PROVISIONING_PROFILE_SPECIFIER = "";
				SKIP_INSTALL = YES;
				SWIFT_EMIT_LOC_STRINGS = YES;
				SWIFT_VERSION = 5.0;
				TARGETED_DEVICE_FAMILY = "1,2";
			};
			name = Debug;
		};
		F731FD782DEF4A6D00893DF4 /* Release */ = {
			isa = XCBuildConfiguration;
			buildSettings = {
				ASSETCATALOG_COMPILER_GLOBAL_ACCENT_COLOR_NAME = AccentColor;
				ASSETCATALOG_COMPILER_WIDGET_BACKGROUND_COLOR_NAME = WidgetBackground;
				CODE_SIGN_ENTITLEMENTS = localpeersyncwidgetExtension.entitlements;
				CODE_SIGN_IDENTITY = "Apple Development";
				CODE_SIGN_STYLE = Automatic;
				CURRENT_PROJECT_VERSION = 1;
				DEVELOPMENT_TEAM = G937MKQMYG;
				GENERATE_INFOPLIST_FILE = YES;
				INFOPLIST_FILE = localpeersyncwidget/Info.plist;
				INFOPLIST_KEY_CFBundleDisplayName = localpeersyncwidget;
				INFOPLIST_KEY_NSHumanReadableCopyright = "";
				LD_RUNPATH_SEARCH_PATHS = (
					"$(inherited)",
					"@executable_path/Frameworks",
					"@executable_path/../../Frameworks",
				);
				MARKETING_VERSION = 1.0;
				PRODUCT_BUNDLE_IDENTIFIER = com.nischal.ios.localpeersync.localpeersyncwidget;
				PRODUCT_NAME = "$(TARGET_NAME)";
				PROVISIONING_PROFILE_SPECIFIER = "";
				SKIP_INSTALL = YES;
				SWIFT_EMIT_LOC_STRINGS = YES;
				SWIFT_VERSION = 5.0;
				TARGETED_DEVICE_FAMILY = "1,2";
			};
			name = Release;
		};
		F75E27F42DE95432005350EC /* Debug */ = {
			isa = XCBuildConfiguration;
			buildSettings = {
				ALWAYS_SEARCH_USER_PATHS = NO;
				ASSETCATALOG_COMPILER_GENERATE_SWIFT_ASSET_SYMBOL_EXTENSIONS = YES;
				CLANG_ANALYZER_NONNULL = YES;
				CLANG_ANALYZER_NUMBER_OBJECT_CONVERSION = YES_AGGRESSIVE;
				CLANG_CXX_LANGUAGE_STANDARD = "gnu++20";
				CLANG_ENABLE_MODULES = YES;
				CLANG_ENABLE_OBJC_ARC = YES;
				CLANG_ENABLE_OBJC_WEAK = YES;
				CLANG_WARN_BLOCK_CAPTURE_AUTORELEASING = YES;
				CLANG_WARN_BOOL_CONVERSION = YES;
				CLANG_WARN_COMMA = YES;
				CLANG_WARN_CONSTANT_CONVERSION = YES;
				CLANG_WARN_DEPRECATED_OBJC_IMPLEMENTATIONS = YES;
				CLANG_WARN_DIRECT_OBJC_ISA_USAGE = YES_ERROR;
				CLANG_WARN_DOCUMENTATION_COMMENTS = YES;
				CLANG_WARN_EMPTY_BODY = YES;
				CLANG_WARN_ENUM_CONVERSION = YES;
				CLANG_WARN_INFINITE_RECURSION = YES;
				CLANG_WARN_INT_CONVERSION = YES;
				CLANG_WARN_NON_LITERAL_NULL_CONVERSION = YES;
				CLANG_WARN_OBJC_IMPLICIT_RETAIN_SELF = YES;
				CLANG_WARN_OBJC_LITERAL_CONVERSION = YES;
				CLANG_WARN_OBJC_ROOT_CLASS = YES_ERROR;
				CLANG_WARN_QUOTED_INCLUDE_IN_FRAMEWORK_HEADER = YES;
				CLANG_WARN_RANGE_LOOP_ANALYSIS = YES;
				CLANG_WARN_STRICT_PROTOTYPES = YES;
				CLANG_WARN_SUSPICIOUS_MOVE = YES;
				CLANG_WARN_UNGUARDED_AVAILABILITY = YES_AGGRESSIVE;
				CLANG_WARN_UNREACHABLE_CODE = YES;
				CLANG_WARN__DUPLICATE_METHOD_MATCH = YES;
				COPY_PHASE_STRIP = NO;
				DEBUG_INFORMATION_FORMAT = dwarf;
				DEVELOPMENT_TEAM = G937MKQMYG;
				ENABLE_STRICT_OBJC_MSGSEND = YES;
				ENABLE_TESTABILITY = YES;
				ENABLE_USER_SCRIPT_SANDBOXING = YES;
				GCC_C_LANGUAGE_STANDARD = gnu17;
				GCC_DYNAMIC_NO_PIC = NO;
				GCC_NO_COMMON_BLOCKS = YES;
				GCC_OPTIMIZATION_LEVEL = 0;
				GCC_PREPROCESSOR_DEFINITIONS = (
					"DEBUG=1",
					"$(inherited)",
				);
				GCC_WARN_64_TO_32_BIT_CONVERSION = YES;
				GCC_WARN_ABOUT_RETURN_TYPE = YES_ERROR;
				GCC_WARN_UNDECLARED_SELECTOR = YES;
				GCC_WARN_UNINITIALIZED_AUTOS = YES_AGGRESSIVE;
				GCC_WARN_UNUSED_FUNCTION = YES;
				GCC_WARN_UNUSED_VARIABLE = YES;
				IPHONEOS_DEPLOYMENT_TARGET = 18.5;
				LOCALIZATION_PREFERS_STRING_CATALOGS = YES;
				MTL_ENABLE_DEBUG_INFO = INCLUDE_SOURCE;
				MTL_FAST_MATH = YES;
				ONLY_ACTIVE_ARCH = YES;
				SDKROOT = iphoneos;
				SWIFT_ACTIVE_COMPILATION_CONDITIONS = "DEBUG $(inherited)";
				SWIFT_OPTIMIZATION_LEVEL = "-Onone";
			};
			name = Debug;
		};
		F75E27F52DE95432005350EC /* Release */ = {
			isa = XCBuildConfiguration;
			buildSettings = {
				ALWAYS_SEARCH_USER_PATHS = NO;
				ASSETCATALOG_COMPILER_GENERATE_SWIFT_ASSET_SYMBOL_EXTENSIONS = YES;
				CLANG_ANALYZER_NONNULL = YES;
				CLANG_ANALYZER_NUMBER_OBJECT_CONVERSION = YES_AGGRESSIVE;
				CLANG_CXX_LANGUAGE_STANDARD = "gnu++20";
				CLANG_ENABLE_MODULES = YES;
				CLANG_ENABLE_OBJC_ARC = YES;
				CLANG_ENABLE_OBJC_WEAK = YES;
				CLANG_WARN_BLOCK_CAPTURE_AUTORELEASING = YES;
				CLANG_WARN_BOOL_CONVERSION = YES;
				CLANG_WARN_COMMA = YES;
				CLANG_WARN_CONSTANT_CONVERSION = YES;
				CLANG_WARN_DEPRECATED_OBJC_IMPLEMENTATIONS = YES;
				CLANG_WARN_DIRECT_OBJC_ISA_USAGE = YES_ERROR;
				CLANG_WARN_DOCUMENTATION_COMMENTS = YES;
				CLANG_WARN_EMPTY_BODY = YES;
				CLANG_WARN_ENUM_CONVERSION = YES;
				CLANG_WARN_INFINITE_RECURSION = YES;
				CLANG_WARN_INT_CONVERSION = YES;
				CLANG_WARN_NON_LITERAL_NULL_CONVERSION = YES;
				CLANG_WARN_OBJC_IMPLICIT_RETAIN_SELF = YES;
				CLANG_WARN_OBJC_LITERAL_CONVERSION = YES;
				CLANG_WARN_OBJC_ROOT_CLASS = YES_ERROR;
				CLANG_WARN_QUOTED_INCLUDE_IN_FRAMEWORK_HEADER = YES;
				CLANG_WARN_RANGE_LOOP_ANALYSIS = YES;
				CLANG_WARN_STRICT_PROTOTYPES = YES;
				CLANG_WARN_SUSPICIOUS_MOVE = YES;
				CLANG_WARN_UNGUARDED_AVAILABILITY = YES_AGGRESSIVE;
				CLANG_WARN_UNREACHABLE_CODE = YES;
				CLANG_WARN__DUPLICATE_METHOD_MATCH = YES;
				COPY_PHASE_STRIP = NO;
				DEBUG_INFORMATION_FORMAT = "dwarf-with-dsym";
				DEVELOPMENT_TEAM = G937MKQMYG;
				ENABLE_NS_ASSERTIONS = NO;
				ENABLE_STRICT_OBJC_MSGSEND = YES;
				ENABLE_USER_SCRIPT_SANDBOXING = YES;
				GCC_C_LANGUAGE_STANDARD = gnu17;
				GCC_NO_COMMON_BLOCKS = YES;
				GCC_WARN_64_TO_32_BIT_CONVERSION = YES;
				GCC_WARN_ABOUT_RETURN_TYPE = YES_ERROR;
				GCC_WARN_UNDECLARED_SELECTOR = YES;
				GCC_WARN_UNINITIALIZED_AUTOS = YES_AGGRESSIVE;
				GCC_WARN_UNUSED_FUNCTION = YES;
				GCC_WARN_UNUSED_VARIABLE = YES;
				IPHONEOS_DEPLOYMENT_TARGET = 18.5;
				LOCALIZATION_PREFERS_STRING_CATALOGS = YES;
				MTL_ENABLE_DEBUG_INFO = NO;
				MTL_FAST_MATH = YES;
				SDKROOT = iphoneos;
				SWIFT_COMPILATION_MODE = wholemodule;
				VALIDATE_PRODUCT = YES;
			};
			name = Release;
		};
		F75E27F72DE95432005350EC /* Debug */ = {
			isa = XCBuildConfiguration;
			buildSettings = {
				ASSETCATALOG_COMPILER_APPICON_NAME = AppIcon;
				ASSETCATALOG_COMPILER_GLOBAL_ACCENT_COLOR_NAME = AccentColor;
				CODE_SIGN_ENTITLEMENTS = localpeersync/localpeersync.entitlements;
				CODE_SIGN_IDENTITY = "Apple Development";
				CODE_SIGN_STYLE = Automatic;
				CURRENT_PROJECT_VERSION = 1;
				DEVELOPMENT_TEAM = G937MKQMYG;
				ENABLE_PREVIEWS = YES;
				GENERATE_INFOPLIST_FILE = YES;
				INFOPLIST_FILE = localpeersync/Info.plist;
				INFOPLIST_KEY_NSLocalNetworkUsageDescription = "LocalPeerSync needs access to your local network to discover and sync with other devices on the same WiFi network.";
				INFOPLIST_KEY_UIApplicationSceneManifest_Generation = YES;
				INFOPLIST_KEY_UIApplicationSupportsIndirectInputEvents = YES;
				INFOPLIST_KEY_UILaunchScreen_Generation = YES;
				INFOPLIST_KEY_UIRequiredDeviceCapabilities = armv7;
				INFOPLIST_KEY_UISupportedInterfaceOrientations = "UIInterfaceOrientationPortrait UIInterfaceOrientationLandscapeLeft UIInterfaceOrientationLandscapeRight";
				INFOPLIST_KEY_UISupportedInterfaceOrientations_iPad = "UIInterfaceOrientationPortrait UIInterfaceOrientationPortraitUpsideDown UIInterfaceOrientationLandscapeLeft UIInterfaceOrientationLandscapeRight";
				INFOPLIST_KEY_UISupportedInterfaceOrientations_iPhone = "UIInterfaceOrientationPortrait UIInterfaceOrientationLandscapeLeft UIInterfaceOrientationLandscapeRight";
				IPHONEOS_DEPLOYMENT_TARGET = 18.0;
				LD_RUNPATH_SEARCH_PATHS = (
					"$(inherited)",
					"@executable_path/Frameworks",
				);
				LIBRARY_SEARCH_PATHS = (
					"$(inherited)",
					"$(PROJECT_DIR)/localpeersync/RustCore",
					"$(PROJECT_DIR)/localpeersync/RustCore",
				);
				MARKETING_VERSION = 1.0;
				NEW_SETTING = "";
				NEW_SETTING1 = "";
				PRODUCT_BUNDLE_IDENTIFIER = com.nischal.ios.localpeersync;
				PRODUCT_NAME = "$(TARGET_NAME)";
				PROVISIONING_PROFILE_SPECIFIER = "";
				SWIFT_EMIT_LOC_STRINGS = YES;
				SWIFT_VERSION = 5.0;
				TARGETED_DEVICE_FAMILY = "1,2";
			};
			name = Debug;
		};
		F75E27F82DE95432005350EC /* Release */ = {
			isa = XCBuildConfiguration;
			buildSettings = {
				ASSETCATALOG_COMPILER_APPICON_NAME = AppIcon;
				ASSETCATALOG_COMPILER_GLOBAL_ACCENT_COLOR_NAME = AccentColor;
				CODE_SIGN_ENTITLEMENTS = localpeersync/localpeersync.entitlements;
				CODE_SIGN_IDENTITY = "Apple Development";
				CODE_SIGN_STYLE = Automatic;
				CURRENT_PROJECT_VERSION = 1;
				DEVELOPMENT_TEAM = G937MKQMYG;
				ENABLE_PREVIEWS = YES;
				GENERATE_INFOPLIST_FILE = YES;
				INFOPLIST_FILE = localpeersync/Info.plist;
				INFOPLIST_KEY_NSLocalNetworkUsageDescription = "LocalPeerSync needs access to your local network to discover and sync with other devices on the same WiFi network.";
				INFOPLIST_KEY_UIApplicationSceneManifest_Generation = YES;
				INFOPLIST_KEY_UIApplicationSupportsIndirectInputEvents = YES;
				INFOPLIST_KEY_UILaunchScreen_Generation = YES;
				INFOPLIST_KEY_UIRequiredDeviceCapabilities = armv7;
				INFOPLIST_KEY_UISupportedInterfaceOrientations = "UIInterfaceOrientationPortrait UIInterfaceOrientationLandscapeLeft UIInterfaceOrientationLandscapeRight";
				INFOPLIST_KEY_UISupportedInterfaceOrientations_iPad = "UIInterfaceOrientationPortrait UIInterfaceOrientationPortraitUpsideDown UIInterfaceOrientationLandscapeLeft UIInterfaceOrientationLandscapeRight";
				INFOPLIST_KEY_UISupportedInterfaceOrientations_iPhone = "UIInterfaceOrientationPortrait UIInterfaceOrientationLandscapeLeft UIInterfaceOrientationLandscapeRight";
				IPHONEOS_DEPLOYMENT_TARGET = 18.0;
				LD_RUNPATH_SEARCH_PATHS = (
					"$(inherited)",
					"@executable_path/Frameworks",
				);
				LIBRARY_SEARCH_PATHS = (
					"$(inherited)",
					"$(PROJECT_DIR)/localpeersync/RustCore",
					"$(PROJECT_DIR)/localpeersync/RustCore",
				);
				"LIBRARY_SEARCH_PATHS[arch=*]" = "$(SRCROOT)/localPeerSync/RustCore";
				MARKETING_VERSION = 1.0;
				NEW_SETTING = "";
				NEW_SETTING1 = "";
				PRODUCT_BUNDLE_IDENTIFIER = com.nischal.ios.localpeersync;
				PRODUCT_NAME = "$(TARGET_NAME)";
				PROVISIONING_PROFILE_SPECIFIER = "";
				SWIFT_EMIT_LOC_STRINGS = YES;
				SWIFT_VERSION = 5.0;
				TARGETED_DEVICE_FAMILY = "1,2";
			};
			name = Release;
		};
		F75E27FA2DE95432005350EC /* Debug */ = {
			isa = XCBuildConfiguration;
			buildSettings = {
				BUNDLE_LOADER = "$(TEST_HOST)";
				CODE_SIGN_STYLE = Automatic;
				CURRENT_PROJECT_VERSION = 1;
				DEVELOPMENT_TEAM = G937MKQMYG;
				GENERATE_INFOPLIST_FILE = YES;
				IPHONEOS_DEPLOYMENT_TARGET = 18.5;
				MARKETING_VERSION = 1.0;
				PRODUCT_BUNDLE_IDENTIFIER = com.nischal.ios.localpeersyncTests;
				PRODUCT_NAME = "$(TARGET_NAME)";
				SWIFT_EMIT_LOC_STRINGS = NO;
				SWIFT_VERSION = 5.0;
				TARGETED_DEVICE_FAMILY = "1,2";
				TEST_HOST = "$(BUILT_PRODUCTS_DIR)/localpeersync.app/$(BUNDLE_EXECUTABLE_FOLDER_PATH)/localpeersync";
			};
			name = Debug;
		};
		F75E27FB2DE95432005350EC /* Release */ = {
			isa = XCBuildConfiguration;
			buildSettings = {
				BUNDLE_LOADER = "$(TEST_HOST)";
				CODE_SIGN_STYLE = Automatic;
				CURRENT_PROJECT_VERSION = 1;
				DEVELOPMENT_TEAM = G937MKQMYG;
				GENERATE_INFOPLIST_FILE = YES;
				IPHONEOS_DEPLOYMENT_TARGET = 18.5;
				MARKETING_VERSION = 1.0;
				PRODUCT_BUNDLE_IDENTIFIER = com.nischal.ios.localpeersyncTests;
				PRODUCT_NAME = "$(TARGET_NAME)";
				SWIFT_EMIT_LOC_STRINGS = NO;
				SWIFT_VERSION = 5.0;
				TARGETED_DEVICE_FAMILY = "1,2";
				TEST_HOST = "$(BUILT_PRODUCTS_DIR)/localpeersync.app/$(BUNDLE_EXECUTABLE_FOLDER_PATH)/localpeersync";
			};
			name = Release;
		};
		F75E27FD2DE95432005350EC /* Debug */ = {
			isa = XCBuildConfiguration;
			buildSettings = {
				CODE_SIGN_STYLE = Automatic;
				CURRENT_PROJECT_VERSION = 1;
				DEVELOPMENT_TEAM = G937MKQMYG;
				GENERATE_INFOPLIST_FILE = YES;
				MARKETING_VERSION = 1.0;
				PRODUCT_BUNDLE_IDENTIFIER = com.nischal.ios.localpeersyncUITests;
				PRODUCT_NAME = "$(TARGET_NAME)";
				SWIFT_EMIT_LOC_STRINGS = NO;
				SWIFT_VERSION = 5.0;
				TARGETED_DEVICE_FAMILY = "1,2";
				TEST_TARGET_NAME = localpeersync;
			};
			name = Debug;
		};
		F75E27FE2DE95432005350EC /* Release */ = {
			isa = XCBuildConfiguration;
			buildSettings = {
				CODE_SIGN_STYLE = Automatic;
				CURRENT_PROJECT_VERSION = 1;
				DEVELOPMENT_TEAM = G937MKQMYG;
				GENERATE_INFOPLIST_FILE = YES;
				MARKETING_VERSION = 1.0;
				PRODUCT_BUNDLE_IDENTIFIER = com.nischal.ios.localpeersyncUITests;
				PRODUCT_NAME = "$(TARGET_NAME)";
				SWIFT_EMIT_LOC_STRINGS = NO;
				SWIFT_VERSION = 5.0;
				TARGETED_DEVICE_FAMILY = "1,2";
				TEST_TARGET_NAME = localpeersync;
			};
			name = Release;
		};
/* End XCBuildConfiguration section */

/* Begin XCConfigurationList section */
		F731FD792DEF4A6D00893DF4 /* Build configuration list for PBXNativeTarget "localpeersyncwidgetExtension" */ = {
			isa = XCConfigurationList;
			buildConfigurations = (
				F731FD772DEF4A6D00893DF4 /* Debug */,
				F731FD782DEF4A6D00893DF4 /* Release */,
			);
			defaultConfigurationIsVisible = 0;
			defaultConfigurationName = Release;
		};
		F75E27D02DE9542F005350EC /* Build configuration list for PBXProject "localpeersync" */ = {
			isa = XCConfigurationList;
			buildConfigurations = (
				F75E27F42DE95432005350EC /* Debug */,
				F75E27F52DE95432005350EC /* Release */,
			);
			defaultConfigurationIsVisible = 0;
			defaultConfigurationName = Release;
		};
		F75E27F62DE95432005350EC /* Build configuration list for PBXNativeTarget "localpeersync" */ = {
			isa = XCConfigurationList;
			buildConfigurations = (
				F75E27F72DE95432005350EC /* Debug */,
				F75E27F82DE95432005350EC /* Release */,
			);
			defaultConfigurationIsVisible = 0;
			defaultConfigurationName = Release;
		};
		F75E27F92DE95432005350EC /* Build configuration list for PBXNativeTarget "localpeersyncTests" */ = {
			isa = XCConfigurationList;
			buildConfigurations = (
				F75E27FA2DE95432005350EC /* Debug */,
				F75E27FB2DE95432005350EC /* Release */,
			);
			defaultConfigurationIsVisible = 0;
			defaultConfigurationName = Release;
		};
		F75E27FC2DE95432005350EC /* Build configuration list for PBXNativeTarget "localpeersyncUITests" */ = {
			isa = XCConfigurationList;
			buildConfigurations = (
				F75E27FD2DE95432005350EC /* Debug */,
				F75E27FE2DE95432005350EC /* Release */,
			);
			defaultConfigurationIsVisible = 0;
			defaultConfigurationName = Release;
		};
/* End XCConfigurationList section */
	};
	rootObject = F75E27CD2DE9542F005350EC /* Project object */;
}
